
Microsoft Visual Studio Solution File, Format Version 12.00
# Visual Studio Version 17
VisualStudioVersion = 17.1.32328.378
MinimumVisualStudioVersion = 10.0.40219.1
Project("{9A19103F-16F7-4668-BE54-9A1E7A4F7556}") = "AKLab01", "AKLab01\AKLab01.csproj", "{828B3B6F-CA81-40C9-B733-4E05FBEB05B4}"
EndProject
Project("{FAE04EC0-301F-11D3-BF4B-00C04F79EFBC}") = "AKLab01.Blazor.Components", "AKLab01.Blazor.Components\AKLab01.Blazor.Components.csproj", "{E89F87FF-4E91-484E-91EC-2880E35E9BC7}"
EndProject
Global
	GlobalSection(SolutionConfigurationPlatforms) = preSolution
		Debug|Any CPU = Debug|Any CPU
		Release|Any CPU = Release|Any CPU
	EndGlobalSection
	GlobalSection(ProjectConfigurationPlatforms) = postSolution
		{828B3B6F-CA81-40C9-B733-4E05FBEB05B4}.Debug|Any CPU.ActiveCfg = Debug|Any CPU
		{828B3B6F-CA81-40C9-B733-4E05FBEB05B4}.Debug|Any CPU.Build.0 = Debug|Any CPU
		{828B3B6F-CA81-40C9-B733-4E05FBEB05B4}.Release|Any CPU.ActiveCfg = Release|Any CPU
		{828B3B6F-CA81-40C9-B733-4E05FBEB05B4}.Release|Any CPU.Build.0 = Release|Any CPU
		{E89F87FF-4E91-484E-91EC-2880E35E9BC7}.Debug|Any CPU.ActiveCfg = Debug|Any CPU
		{E89F87FF-4E91-484E-91EC-2880E35E9BC7}.Debug|Any CPU.Build.0 = Debug|Any CPU
		{E89F87FF-4E91-484E-91EC-2880E35E9BC7}.Release|Any CPU.ActiveCfg = Release|Any CPU
		{E89F87FF-4E91-484E-91EC-2880E35E9BC7}.Release|Any CPU.Build.0 = Release|Any CPU
	EndGlobalSection
	GlobalSection(SolutionProperties) = preSolution
		HideSolutionNode = FALSE
	EndGlobalSection
	GlobalSection(ExtensibilityGlobals) = postSolution
		SolutionGuid = {87EEC646-62C3-4580-83D8-004184F8EB40}
	EndGlobalSection
EndGlobal
